
Microsoft Visual Studio Solution File, Format Version 12.00
# Visual Studio Version 16
VisualStudioVersion = 16.0.30204.135
MinimumVisualStudioVersion = 10.0.40219.1
Project("{9A19103F-16F7-4668-BE54-9A1E7A4F7556}") = "RoboticsLibrary.UnityPlugin.Tests", "RoboticsLibrary.UnityPlugin.Tests\RoboticsLibrary.UnityPlugin.Tests.csproj", "{E2B827C6-EF36-4F20-BBA4-94C46301D794}"
EndProject
Project("{9A19103F-16F7-4668-BE54-9A1E7A4F7556}") = "RoboticsLibrary.Net", "RoboticsLibrary.Net\RoboticsLibrary.Net.csproj", "{C16E639E-1E2B-42C1-96E7-C25DF21A8F72}"
EndProject
Project("{8BC9CEB8-8B4A-11D0-8D11-00A0C91BC942}") = "RoboticsLibrary.Native", "RoboticsLibrary.Native\RoboticsLibrary.Native.vcxproj", "{5E05F777-C65E-4CFE-AF6B-4B5C278A4971}"
EndProject
Global
	GlobalSection(SolutionConfigurationPlatforms) = preSolution
		Debug|Any CPU = Debug|Any CPU
		Debug|x64 = Debug|x64
		Release|Any CPU = Release|Any CPU
		Release|x64 = Release|x64
	EndGlobalSection
	GlobalSection(ProjectConfigurationPlatforms) = postSolution
		{E2B827C6-EF36-4F20-BBA4-94C46301D794}.Debug|Any CPU.ActiveCfg = Debug|Any CPU
		{E2B827C6-EF36-4F20-BBA4-94C46301D794}.Debug|Any CPU.Build.0 = Debug|Any CPU
		{E2B827C6-EF36-4F20-BBA4-94C46301D794}.Debug|x64.ActiveCfg = Debug|x64
		{E2B827C6-EF36-4F20-BBA4-94C46301D794}.Debug|x64.Build.0 = Debug|x64
		{E2B827C6-EF36-4F20-BBA4-94C46301D794}.Release|Any CPU.ActiveCfg = Release|Any CPU
		{E2B827C6-EF36-4F20-BBA4-94C46301D794}.Release|Any CPU.Build.0 = Release|Any CPU
		{E2B827C6-EF36-4F20-BBA4-94C46301D794}.Release|x64.ActiveCfg = Release|x64
		{E2B827C6-EF36-4F20-BBA4-94C46301D794}.Release|x64.Build.0 = Release|x64
		{C16E639E-1E2B-42C1-96E7-C25DF21A8F72}.Debug|Any CPU.ActiveCfg = Debug|Any CPU
		{C16E639E-1E2B-42C1-96E7-C25DF21A8F72}.Debug|Any CPU.Build.0 = Debug|Any CPU
		{C16E639E-1E2B-42C1-96E7-C25DF21A8F72}.Debug|x64.ActiveCfg = Debug|x64
		{C16E639E-1E2B-42C1-96E7-C25DF21A8F72}.Debug|x64.Build.0 = Debug|x64
		{C16E639E-1E2B-42C1-96E7-C25DF21A8F72}.Release|Any CPU.ActiveCfg = Release|Any CPU
		{C16E639E-1E2B-42C1-96E7-C25DF21A8F72}.Release|Any CPU.Build.0 = Release|Any CPU
		{C16E639E-1E2B-42C1-96E7-C25DF21A8F72}.Release|x64.ActiveCfg = Release|x64
		{C16E639E-1E2B-42C1-96E7-C25DF21A8F72}.Release|x64.Build.0 = Release|x64
		{5E05F777-C65E-4CFE-AF6B-4B5C278A4971}.Debug|Any CPU.ActiveCfg = Debug|x64
		{5E05F777-C65E-4CFE-AF6B-4B5C278A4971}.Debug|x64.ActiveCfg = Debug|x64
		{5E05F777-C65E-4CFE-AF6B-4B5C278A4971}.Debug|x64.Build.0 = Debug|x64
		{5E05F777-C65E-4CFE-AF6B-4B5C278A4971}.Release|Any CPU.ActiveCfg = Release|x64
		{5E05F777-C65E-4CFE-AF6B-4B5C278A4971}.Release|x64.ActiveCfg = Release|x64
		{5E05F777-C65E-4CFE-AF6B-4B5C278A4971}.Release|x64.Build.0 = Release|x64
	EndGlobalSection
	GlobalSection(SolutionProperties) = preSolution
		HideSolutionNode = FALSE
	EndGlobalSection
	GlobalSection(ExtensibilityGlobals) = postSolution
		SolutionGuid = {860EEFBB-06F9-4766-A368-69634BE3341A}
	EndGlobalSection
EndGlobal
